
Microsoft Visual Studio Solution File, Format Version 12.00
# Visual Studio Version 16
VisualStudioVersion = 16.0.30611.23
MinimumVisualStudioVersion = 10.0.40219.1
Project("{FAE04EC0-301F-11D3-BF4B-00C04F79EFBC}") = "AudioStreamer", "AudioStreamer\AudioStreamer.csproj", "{C5E71522-6DA6-4BC5-900A-87B78617C2B7}"
EndProject
Global
	GlobalSection(SolutionConfigurationPlatforms) = preSolution
		Debug|Any CPU = Debug|Any CPU
		Release|Any CPU = Release|Any CPU
	EndGlobalSection
	GlobalSection(ProjectConfigurationPlatforms) = postSolution
		{C5E71522-6DA6-4BC5-900A-87B78617C2B7}.Debug|Any CPU.ActiveCfg = Debug|Any CPU
		{C5E71522-6DA6-4BC5-900A-87B78617C2B7}.Debug|Any CPU.Build.0 = Debug|Any CPU
		{C5E71522-6DA6-4BC5-900A-87B78617C2B7}.Release|Any CPU.ActiveCfg = Release|Any CPU
		{C5E71522-6DA6-4BC5-900A-87B78617C2B7}.Release|Any CPU.Build.0 = Release|Any CPU
	EndGlobalSection
	GlobalSection(SolutionProperties) = preSolution
		HideSolutionNode = FALSE
	EndGlobalSection
	GlobalSection(ExtensibilityGlobals) = postSolution
		SolutionGuid = {FA520D2A-D62C-4222-8829-1644CF97053C}
	EndGlobalSection
EndGlobal
